
Microsoft Visual Studio Solution File, Format Version 12.00
# Visual Studio Version 17
VisualStudioVersion = 17.0.31903.59
MinimumVisualStudioVersion = 10.0.40219.1
Project("{FAE04EC0-301F-11D3-BF4B-00C04F79EFBC}") = "TunnelGPT", "TunnelGPT\TunnelGPT.csproj", "{9B0E8F45-094F-40E6-9F72-70582F20671B}"
EndProject
Project("{FAE04EC0-301F-11D3-BF4B-00C04F79EFBC}") = "TunnelGPT.UnitTests", "TunnelGPT.UnitTests\TunnelGPT.UnitTests.csproj", "{D5784A10-BCEF-43CC-B683-917DDD6C3DF1}"
EndProject
Project("{FAE04EC0-301F-11D3-BF4B-00C04F79EFBC}") = "TunnelGPT.IntegrationTests", "TunnelGPT.IntegrationTests\TunnelGPT.IntegrationTests.csproj", "{54E7274A-B470-4939-84D4-D1F24CE6FA75}"
EndProject
Global
	GlobalSection(SolutionConfigurationPlatforms) = preSolution
		Debug|Any CPU = Debug|Any CPU
		Release|Any CPU = Release|Any CPU
	EndGlobalSection
	GlobalSection(SolutionProperties) = preSolution
		HideSolutionNode = FALSE
	EndGlobalSection
	GlobalSection(ProjectConfigurationPlatforms) = postSolution
		{9B0E8F45-094F-40E6-9F72-70582F20671B}.Debug|Any CPU.ActiveCfg = Debug|Any CPU
		{9B0E8F45-094F-40E6-9F72-70582F20671B}.Debug|Any CPU.Build.0 = Debug|Any CPU
		{9B0E8F45-094F-40E6-9F72-70582F20671B}.Release|Any CPU.ActiveCfg = Release|Any CPU
		{9B0E8F45-094F-40E6-9F72-70582F20671B}.Release|Any CPU.Build.0 = Release|Any CPU
		{D5784A10-BCEF-43CC-B683-917DDD6C3DF1}.Debug|Any CPU.ActiveCfg = Debug|Any CPU
		{D5784A10-BCEF-43CC-B683-917DDD6C3DF1}.Debug|Any CPU.Build.0 = Debug|Any CPU
		{D5784A10-BCEF-43CC-B683-917DDD6C3DF1}.Release|Any CPU.ActiveCfg = Release|Any CPU
		{D5784A10-BCEF-43CC-B683-917DDD6C3DF1}.Release|Any CPU.Build.0 = Release|Any CPU
		{54E7274A-B470-4939-84D4-D1F24CE6FA75}.Debug|Any CPU.ActiveCfg = Debug|Any CPU
		{54E7274A-B470-4939-84D4-D1F24CE6FA75}.Debug|Any CPU.Build.0 = Debug|Any CPU
		{54E7274A-B470-4939-84D4-D1F24CE6FA75}.Release|Any CPU.ActiveCfg = Release|Any CPU
		{54E7274A-B470-4939-84D4-D1F24CE6FA75}.Release|Any CPU.Build.0 = Release|Any CPU
	EndGlobalSection
EndGlobal
